
Microsoft Visual Studio Solution File, Format Version 12.00
Project("{FAE04EC0-301F-11D3-BF4B-00C04F79EFBC}") = "CarRental.API", "CarRental.API\CarRental.API.csproj", "{E9AA6F80-5169-4E0E-A0A1-883B17F981DA}"
EndProject
Global
	GlobalSection(SolutionConfigurationPlatforms) = preSolution
		Debug|Any CPU = Debug|Any CPU
		Release|Any CPU = Release|Any CPU
	EndGlobalSection
	GlobalSection(ProjectConfigurationPlatforms) = postSolution
		{E9AA6F80-5169-4E0E-A0A1-883B17F981DA}.Debug|Any CPU.ActiveCfg = Debug|Any CPU
		{E9AA6F80-5169-4E0E-A0A1-883B17F981DA}.Debug|Any CPU.Build.0 = Debug|Any CPU
		{E9AA6F80-5169-4E0E-A0A1-883B17F981DA}.Release|Any CPU.ActiveCfg = Release|Any CPU
		{E9AA6F80-5169-4E0E-A0A1-883B17F981DA}.Release|Any CPU.Build.0 = Release|Any CPU
	EndGlobalSection
EndGlobal
